// !$*UTF8*$!
{
	archiveVersion = 1;
	classes = {
	};
	objectVersion = 55;
	objects = {

/* Begin PBXBuildFile section */
		4AE66F9529706AA500206A66 /* AppDelegate.swift in Sources */ = {isa = PBXBuildFile; fileRef = 4AE66F9429706AA500206A66 /* AppDelegate.swift */; };
		4AE66F9729706AA500206A66 /* SceneDelegate.swift in Sources */ = {isa = PBXBuildFile; fileRef = 4AE66F9629706AA500206A66 /* SceneDelegate.swift */; };
		4AE66F9C29706AA500206A66 /* Main.storyboard in Resources */ = {isa = PBXBuildFile; fileRef = 4AE66F9A29706AA500206A66 /* Main.storyboard */; };
		4AE66F9E29706AA600206A66 /* Assets.xcassets in Resources */ = {isa = PBXBuildFile; fileRef = 4AE66F9D29706AA600206A66 /* Assets.xcassets */; };
		4AE66FA129706AA600206A66 /* LaunchScreen.storyboard in Resources */ = {isa = PBXBuildFile; fileRef = 4AE66F9F29706AA600206A66 /* LaunchScreen.storyboard */; };
		4AE66FAA29706B3500206A66 /* NewsTableViewController.swift in Sources */ = {isa = PBXBuildFile; fileRef = 4AE66FA929706B3500206A66 /* NewsTableViewController.swift */; };
		4AE66FAD2970827100206A66 /* Article.swift in Sources */ = {isa = PBXBuildFile; fileRef = 4AE66FAC2970827100206A66 /* Article.swift */; };
		F7743940C2143A59F8165EC0 /* Pods_NewsApp_MVVM.framework in Frameworks */ = {isa = PBXBuildFile; fileRef = 265636212F29ADE45024E5F6 /* Pods_NewsApp_MVVM.framework */; };
/* End PBXBuildFile section */

/* Begin PBXFileReference section */
		265636212F29ADE45024E5F6 /* Pods_NewsApp_MVVM.framework */ = {isa = PBXFileReference; explicitFileType = wrapper.framework; includeInIndex = 0; path = Pods_NewsApp_MVVM.framework; sourceTree = BUILT_PRODUCTS_DIR; };
		4AE66F9129706AA500206A66 /* NewsApp-MVVM.app */ = {isa = PBXFileReference; explicitFileType = wrapper.application; includeInIndex = 0; path = "NewsApp-MVVM.app"; sourceTree = BUILT_PRODUCTS_DIR; };
		4AE66F9429706AA500206A66 /* AppDelegate.swift */ = {isa = PBXFileReference; lastKnownFileType = sourcecode.swift; path = AppDelegate.swift; sourceTree = "<group>"; };
		4AE66F9629706AA500206A66 /* SceneDelegate.swift */ = {isa = PBXFileReference; lastKnownFileType = sourcecode.swift; path = SceneDelegate.swift; sourceTree = "<group>"; };
		4AE66F9B29706AA500206A66 /* Base */ = {isa = PBXFileReference; lastKnownFileType = file.storyboard; name = Base; path = Base.lproj/Main.storyboard; sourceTree = "<group>"; };
		4AE66F9D29706AA600206A66 /* Assets.xcassets */ = {isa = PBXFileReference; lastKnownFileType = folder.assetcatalog; path = Assets.xcassets; sourceTree = "<group>"; };
		4AE66FA029706AA600206A66 /* Base */ = {isa = PBXFileReference; lastKnownFileType = file.storyboard; name = Base; path = Base.lproj/LaunchScreen.storyboard; sourceTree = "<group>"; };
		4AE66FA229706AA600206A66 /* Info.plist */ = {isa = PBXFileReference; lastKnownFileType = text.plist.xml; path = Info.plist; sourceTree = "<group>"; };
		4AE66FA929706B3500206A66 /* NewsTableViewController.swift */ = {isa = PBXFileReference; lastKnownFileType = sourcecode.swift; path = NewsTableViewController.swift; sourceTree = "<group>"; };
		4AE66FAC2970827100206A66 /* Article.swift */ = {isa = PBXFileReference; lastKnownFileType = sourcecode.swift; path = Article.swift; sourceTree = "<group>"; };
		98F2620A6A040A65BA25722B /* Pods-NewsApp-MVVM.release.xcconfig */ = {isa = PBXFileReference; includeInIndex = 1; lastKnownFileType = text.xcconfig; name = "Pods-NewsApp-MVVM.release.xcconfig"; path = "Target Support Files/Pods-NewsApp-MVVM/Pods-NewsApp-MVVM.release.xcconfig"; sourceTree = "<group>"; };
		B14344D30CE0143B2060AB81 /* Pods-NewsApp-MVVM.debug.xcconfig */ = {isa = PBXFileReference; includeInIndex = 1; lastKnownFileType = text.xcconfig; name = "Pods-NewsApp-MVVM.debug.xcconfig"; path = "Target Support Files/Pods-NewsApp-MVVM/Pods-NewsApp-MVVM.debug.xcconfig"; sourceTree = "<group>"; };
/* End PBXFileReference section */

/* Begin PBXFrameworksBuildPhase section */
		4AE66F8E29706AA500206A66 /* Frameworks */ = {
			isa = PBXFrameworksBuildPhase;
			buildActionMask = 2147483647;
			files = (
				F7743940C2143A59F8165EC0 /* Pods_NewsApp_MVVM.framework in Frameworks */,
			);
			runOnlyForDeploymentPostprocessing = 0;
		};
/* End PBXFrameworksBuildPhase section */

/* Begin PBXGroup section */
		4AE66F8829706AA500206A66 = {
			isa = PBXGroup;
			children = (
				4AE66F9329706AA500206A66 /* NewsApp-MVVM */,
				4AE66F9229706AA500206A66 /* Products */,
				57632159E6B2BBC1B43C86F6 /* Pods */,
				7768C09B558B42ECF3717C29 /* Frameworks */,
			);
			sourceTree = "<group>";
		};
		4AE66F9229706AA500206A66 /* Products */ = {
			isa = PBXGroup;
			children = (
				4AE66F9129706AA500206A66 /* NewsApp-MVVM.app */,
			);
			name = Products;
			sourceTree = "<group>";
		};
		4AE66F9329706AA500206A66 /* NewsApp-MVVM */ = {
			isa = PBXGroup;
			children = (
				4AE66FAB2970826400206A66 /* Models */,
				4AE66FA829706AD400206A66 /* Controllers */,
				4AE66F9429706AA500206A66 /* AppDelegate.swift */,
				4AE66F9629706AA500206A66 /* SceneDelegate.swift */,
				4AE66F9A29706AA500206A66 /* Main.storyboard */,
				4AE66F9D29706AA600206A66 /* Assets.xcassets */,
				4AE66F9F29706AA600206A66 /* LaunchScreen.storyboard */,
				4AE66FA229706AA600206A66 /* Info.plist */,
			);
			path = "NewsApp-MVVM";
			sourceTree = "<group>";
		};
		4AE66FA829706AD400206A66 /* Controllers */ = {
			isa = PBXGroup;
			children = (
				4AE66FA929706B3500206A66 /* NewsTableViewController.swift */,
			);
			path = Controllers;
			sourceTree = "<group>";
		};
		4AE66FAB2970826400206A66 /* Models */ = {
			isa = PBXGroup;
			children = (
				4AE66FAC2970827100206A66 /* Article.swift */,
			);
			path = Models;
			sourceTree = "<group>";
		};
		57632159E6B2BBC1B43C86F6 /* Pods */ = {
			isa = PBXGroup;
			children = (
				B14344D30CE0143B2060AB81 /* Pods-NewsApp-MVVM.debug.xcconfig */,
				98F2620A6A040A65BA25722B /* Pods-NewsApp-MVVM.release.xcconfig */,
			);
			name = Pods;
			path = Pods;
			sourceTree = "<group>";
		};
		7768C09B558B42ECF3717C29 /* Frameworks */ = {
			isa = PBXGroup;
			children = (
				265636212F29ADE45024E5F6 /* Pods_NewsApp_MVVM.framework */,
			);
			name = Frameworks;
			sourceTree = "<group>";
		};
/* End PBXGroup section */

/* Begin PBXNativeTarget section */
		4AE66F9029706AA500206A66 /* NewsApp-MVVM */ = {
			isa = PBXNativeTarget;
			buildConfigurationList = 4AE66FA529706AA600206A66 /* Build configuration list for PBXNativeTarget "NewsApp-MVVM" */;
			buildPhases = (
				A30EF4629B050D8CE3FD4ADD /* [CP] Check Pods Manifest.lock */,
				4AE66F8D29706AA500206A66 /* Sources */,
				4AE66F8E29706AA500206A66 /* Frameworks */,
				4AE66F8F29706AA500206A66 /* Resources */,
				13A969AD663F1EEA0A6D08CF /* [CP] Embed Pods Frameworks */,
			);
			buildRules = (
			);
			dependencies = (
			);
			name = "NewsApp-MVVM";
			productName = "NewsApp-MVVM";
			productReference = 4AE66F9129706AA500206A66 /* NewsApp-MVVM.app */;
			productType = "com.apple.product-type.application";
		};
/* End PBXNativeTarget section */

/* Begin PBXProject section */
		4AE66F8929706AA500206A66 /* Project object */ = {
			isa = PBXProject;
			attributes = {
				BuildIndependentTargetsInParallel = 1;
				LastSwiftUpdateCheck = 1420;
				LastUpgradeCheck = 1420;
				TargetAttributes = {
					4AE66F9029706AA500206A66 = {
						CreatedOnToolsVersion = 14.2;
					};
				};
			};
			buildConfigurationList = 4AE66F8C29706AA500206A66 /* Build configuration list for PBXProject "NewsApp-MVVM" */;
			compatibilityVersion = "Xcode 13.0";
			developmentRegion = en;
			hasScannedForEncodings = 0;
			knownRegions = (
				en,
				Base,
			);
			mainGroup = 4AE66F8829706AA500206A66;
			productRefGroup = 4AE66F9229706AA500206A66 /* Products */;
			projectDirPath = "";
			projectRoot = "";
			targets = (
				4AE66F9029706AA500206A66 /* NewsApp-MVVM */,
			);
		};
/* End PBXProject section */

/* Begin PBXResourcesBuildPhase section */
		4AE66F8F29706AA500206A66 /* Resources */ = {
			isa = PBXResourcesBuildPhase;
			buildActionMask = 2147483647;
			files = (
				4AE66FA129706AA600206A66 /* LaunchScreen.storyboard in Resources */,
				4AE66F9E29706AA600206A66 /* Assets.xcassets in Resources */,
				4AE66F9C29706AA500206A66 /* Main.storyboard in Resources */,
			);
			runOnlyForDeploymentPostprocessing = 0;
		};
/* End PBXResourcesBuildPhase section */

/* Begin PBXShellScriptBuildPhase section */
		13A969AD663F1EEA0A6D08CF /* [CP] Embed Pods Frameworks */ = {
			isa = PBXShellScriptBuildPhase;
			buildActionMask = 2147483647;
			files = (
			);
			inputFileListPaths = (
				"${PODS_ROOT}/Target Support Files/Pods-NewsApp-MVVM/Pods-NewsApp-MVVM-frameworks-${CONFIGURATION}-input-files.xcfilelist",
			);
			name = "[CP] Embed Pods Frameworks";
			outputFileListPaths = (
				"${PODS_ROOT}/Target Support Files/Pods-NewsApp-MVVM/Pods-NewsApp-MVVM-frameworks-${CONFIGURATION}-output-files.xcfilelist",
			);
			runOnlyForDeploymentPostprocessing = 0;
			shellPath = /bin/sh;
			shellScript = "\"${PODS_ROOT}/Target Support Files/Pods-NewsApp-MVVM/Pods-NewsApp-MVVM-frameworks.sh\"\n";
			showEnvVarsInLog = 0;
		};
		A30EF4629B050D8CE3FD4ADD /* [CP] Check Pods Manifest.lock */ = {
			isa = PBXShellScriptBuildPhase;
			buildActionMask = 2147483647;
			files = (
			);
			inputFileListPaths = (
			);
			inputPaths = (
				"${PODS_PODFILE_DIR_PATH}/Podfile.lock",
				"${PODS_ROOT}/Manifest.lock",
			);
			name = "[CP] Check Pods Manifest.lock";
			outputFileListPaths = (
			);
			outputPaths = (
				"$(DERIVED_FILE_DIR)/Pods-NewsApp-MVVM-checkManifestLockResult.txt",
			);
			runOnlyForDeploymentPostprocessing = 0;
			shellPath = /bin/sh;
			shellScript = "diff \"${PODS_PODFILE_DIR_PATH}/Podfile.lock\" \"${PODS_ROOT}/Manifest.lock\" > /dev/null\nif [ $? != 0 ] ; then\n    # print error to STDERR\n    echo \"error: The sandbox is not in sync with the Podfile.lock. Run 'pod install' or update your CocoaPods installation.\" >&2\n    exit 1\nfi\n# This output is used by Xcode 'outputs' to avoid re-running this script phase.\necho \"SUCCESS\" > \"${SCRIPT_OUTPUT_FILE_0}\"\n";
			showEnvVarsInLog = 0;
		};
/* End PBXShellScriptBuildPhase section */

/* Begin PBXSourcesBuildPhase section */
		4AE66F8D29706AA500206A66 /* Sources */ = {
			isa = PBXSourcesBuildPhase;
			buildActionMask = 2147483647;
			files = (
				4AE66FAD2970827100206A66 /* Article.swift in Sources */,
				4AE66F9529706AA500206A66 /* AppDelegate.swift in Sources */,
				4AE66F9729706AA500206A66 /* SceneDelegate.swift in Sources */,
				4AE66FAA29706B3500206A66 /* NewsTableViewController.swift in Sources */,
			);
			runOnlyForDeploymentPostprocessing = 0;
		};
/* End PBXSourcesBuildPhase section */

/* Begin PBXVariantGroup section */
		4AE66F9A29706AA500206A66 /* Main.storyboard */ = {
			isa = PBXVariantGroup;
			children = (
				4AE66F9B29706AA500206A66 /* Base */,
			);
			name = Main.storyboard;
			sourceTree = "<group>";
		};
		4AE66F9F29706AA600206A66 /* LaunchScreen.storyboard */ = {
			isa = PBXVariantGroup;
			children = (
				4AE66FA029706AA600206A66 /* Base */,
			);
			name = LaunchScreen.storyboard;
			sourceTree = "<group>";
		};
/* End PBXVariantGroup section */

/* Begin XCBuildConfiguration section */
		4AE66FA329706AA600206A66 /* Debug */ = {
			isa = XCBuildConfiguration;
			buildSettings = {
				ALWAYS_SEARCH_USER_PATHS = NO;
				CLANG_ANALYZER_NONNULL = YES;
				CLANG_ANALYZER_NUMBER_OBJECT_CONVERSION = YES_AGGRESSIVE;
				CLANG_CXX_LANGUAGE_STANDARD = "gnu++20";
				CLANG_ENABLE_MODULES = YES;
				CLANG_ENABLE_OBJC_ARC = YES;
				CLANG_ENABLE_OBJC_WEAK = YES;
				CLANG_WARN_BLOCK_CAPTURE_AUTORELEASING = YES;
				CLANG_WARN_BOOL_CONVERSION = YES;
				CLANG_WARN_COMMA = YES;
				CLANG_WARN_CONSTANT_CONVERSION = YES;
				CLANG_WARN_DEPRECATED_OBJC_IMPLEMENTATIONS = YES;
				CLANG_WARN_DIRECT_OBJC_ISA_USAGE = YES_ERROR;
				CLANG_WARN_DOCUMENTATION_COMMENTS = YES;
				CLANG_WARN_EMPTY_BODY = YES;
				CLANG_WARN_ENUM_CONVERSION = YES;
				CLANG_WARN_INFINITE_RECURSION = YES;
				CLANG_WARN_INT_CONVERSION = YES;
				CLANG_WARN_NON_LITERAL_NULL_CONVERSION = YES;
				CLANG_WARN_OBJC_IMPLICIT_RETAIN_SELF = YES;
				CLANG_WARN_OBJC_LITERAL_CONVERSION = YES;
				CLANG_WARN_OBJC_ROOT_CLASS = YES_ERROR;
				CLANG_WARN_QUOTED_INCLUDE_IN_FRAMEWORK_HEADER = YES;
				CLANG_WARN_RANGE_LOOP_ANALYSIS = YES;
				CLANG_WARN_STRICT_PROTOTYPES = YES;
				CLANG_WARN_SUSPICIOUS_MOVE = YES;
				CLANG_WARN_UNGUARDED_AVAILABILITY = YES_AGGRESSIVE;
				CLANG_WARN_UNREACHABLE_CODE = YES;
				CLANG_WARN__DUPLICATE_METHOD_MATCH = YES;
				COPY_PHASE_STRIP = NO;
				DEBUG_INFORMATION_FORMAT = dwarf;
				ENABLE_STRICT_OBJC_MSGSEND = YES;
				ENABLE_TESTABILITY = YES;
				GCC_C_LANGUAGE_STANDARD = gnu11;
				GCC_DYNAMIC_NO_PIC = NO;
				GCC_NO_COMMON_BLOCKS = YES;
				GCC_OPTIMIZATION_LEVEL = 0;
				GCC_PREPROCESSOR_DEFINITIONS = (
					"DEBUG=1",
					"$(inherited)",
				);
				GCC_WARN_64_TO_32_BIT_CONVERSION = YES;
				GCC_WARN_ABOUT_RETURN_TYPE = YES_ERROR;
				GCC_WARN_UNDECLARED_SELECTOR = YES;
				GCC_WARN_UNINITIALIZED_AUTOS = YES_AGGRESSIVE;
				GCC_WARN_UNUSED_FUNCTION = YES;
				GCC_WARN_UNUSED_VARIABLE = YES;
				IPHONEOS_DEPLOYMENT_TARGET = 16.2;
				MTL_ENABLE_DEBUG_INFO = INCLUDE_SOURCE;
				MTL_FAST_MATH = YES;
				ONLY_ACTIVE_ARCH = YES;
				SDKROOT = iphoneos;
				SWIFT_ACTIVE_COMPILATION_CONDITIONS = DEBUG;
				SWIFT_OPTIMIZATION_LEVEL = "-Onone";
			};
			name = Debug;
		};
		4AE66FA429706AA600206A66 /* Release */ = {
			isa = XCBuildConfiguration;
			buildSettings = {
				ALWAYS_SEARCH_USER_PATHS = NO;
				CLANG_ANALYZER_NONNULL = YES;
				CLANG_ANALYZER_NUMBER_OBJECT_CONVERSION = YES_AGGRESSIVE;
				CLANG_CXX_LANGUAGE_STANDARD = "gnu++20";
				CLANG_ENABLE_MODULES = YES;
				CLANG_ENABLE_OBJC_ARC = YES;
				CLANG_ENABLE_OBJC_WEAK = YES;
				CLANG_WARN_BLOCK_CAPTURE_AUTORELEASING = YES;
				CLANG_WARN_BOOL_CONVERSION = YES;
				CLANG_WARN_COMMA = YES;
				CLANG_WARN_CONSTANT_CONVERSION = YES;
				CLANG_WARN_DEPRECATED_OBJC_IMPLEMENTATIONS = YES;
				CLANG_WARN_DIRECT_OBJC_ISA_USAGE = YES_ERROR;
				CLANG_WARN_DOCUMENTATION_COMMENTS = YES;
				CLANG_WARN_EMPTY_BODY = YES;
				CLANG_WARN_ENUM_CONVERSION = YES;
				CLANG_WARN_INFINITE_RECURSION = YES;
				CLANG_WARN_INT_CONVERSION = YES;
				CLANG_WARN_NON_LITERAL_NULL_CONVERSION = YES;
				CLANG_WARN_OBJC_IMPLICIT_RETAIN_SELF = YES;
				CLANG_WARN_OBJC_LITERAL_CONVERSION = YES;
				CLANG_WARN_OBJC_ROOT_CLASS = YES_ERROR;
				CLANG_WARN_QUOTED_INCLUDE_IN_FRAMEWORK_HEADER = YES;
				CLANG_WARN_RANGE_LOOP_ANALYSIS = YES;
				CLANG_WARN_STRICT_PROTOTYPES = YES;
				CLANG_WARN_SUSPICIOUS_MOVE = YES;
				CLANG_WARN_UNGUARDED_AVAILABILITY = YES_AGGRESSIVE;
				CLANG_WARN_UNREACHABLE_CODE = YES;
				CLANG_WARN__DUPLICATE_METHOD_MATCH = YES;
				COPY_PHASE_STRIP = NO;
				DEBUG_INFORMATION_FORMAT = "dwarf-with-dsym";
				ENABLE_NS_ASSERTIONS = NO;
				ENABLE_STRICT_OBJC_MSGSEND = YES;
				GCC_C_LANGUAGE_STANDARD = gnu11;
				GCC_NO_COMMON_BLOCKS = YES;
				GCC_WARN_64_TO_32_BIT_CONVERSION = YES;
				GCC_WARN_ABOUT_RETURN_TYPE = YES_ERROR;
				GCC_WARN_UNDECLARED_SELECTOR = YES;
				GCC_WARN_UNINITIALIZED_AUTOS = YES_AGGRESSIVE;
				GCC_WARN_UNUSED_FUNCTION = YES;
				GCC_WARN_UNUSED_VARIABLE = YES;
				IPHONEOS_DEPLOYMENT_TARGET = 16.2;
				MTL_ENABLE_DEBUG_INFO = NO;
				MTL_FAST_MATH = YES;
				SDKROOT = iphoneos;
				SWIFT_COMPILATION_MODE = wholemodule;
				SWIFT_OPTIMIZATION_LEVEL = "-O";
				VALIDATE_PRODUCT = YES;
			};
			name = Release;
		};
		4AE66FA629706AA600206A66 /* Debug */ = {
			isa = XCBuildConfiguration;
			baseConfigurationReference = B14344D30CE0143B2060AB81 /* Pods-NewsApp-MVVM.debug.xcconfig */;
			buildSettings = {
				ASSETCATALOG_COMPILER_APPICON_NAME = AppIcon;
				ASSETCATALOG_COMPILER_GLOBAL_ACCENT_COLOR_NAME = AccentColor;
				CODE_SIGN_STYLE = Automatic;
				CURRENT_PROJECT_VERSION = 1;
				DEVELOPMENT_TEAM = KR56UH6MNG;
				GENERATE_INFOPLIST_FILE = YES;
				INFOPLIST_FILE = "NewsApp-MVVM/Info.plist";
				INFOPLIST_KEY_UIApplicationSupportsIndirectInputEvents = YES;
				INFOPLIST_KEY_UILaunchStoryboardName = LaunchScreen;
				INFOPLIST_KEY_UIMainStoryboardFile = Main;
				INFOPLIST_KEY_UIStatusBarStyle = UIStatusBarStyleLightContent;
				INFOPLIST_KEY_UISupportedInterfaceOrientations_iPad = "UIInterfaceOrientationPortrait UIInterfaceOrientationPortraitUpsideDown UIInterfaceOrientationLandscapeLeft UIInterfaceOrientationLandscapeRight";
				INFOPLIST_KEY_UISupportedInterfaceOrientations_iPhone = "UIInterfaceOrientationPortrait UIInterfaceOrientationLandscapeLeft UIInterfaceOrientationLandscapeRight";
				LD_RUNPATH_SEARCH_PATHS = (
					"$(inherited)",
					"@executable_path/Frameworks",
				);
				MARKETING_VERSION = 1.0;
				PRODUCT_BUNDLE_IDENTIFIER = "com.AppleDeveloperAcademy.NewsApp-MVVM";
				PRODUCT_NAME = "$(TARGET_NAME)";
				SWIFT_EMIT_LOC_STRINGS = YES;
				SWIFT_VERSION = 5.0;
				TARGETED_DEVICE_FAMILY = "1,2";
			};
			name = Debug;
		};
		4AE66FA729706AA600206A66 /* Release */ = {
			isa = XCBuildConfiguration;
			baseConfigurationReference = 98F2620A6A040A65BA25722B /* Pods-NewsApp-MVVM.release.xcconfig */;
			buildSettings = {
				ASSETCATALOG_COMPILER_APPICON_NAME = AppIcon;
				ASSETCATALOG_COMPILER_GLOBAL_ACCENT_COLOR_NAME = AccentColor;
				CODE_SIGN_STYLE = Automatic;
				CURRENT_PROJECT_VERSION = 1;
				DEVELOPMENT_TEAM = KR56UH6MNG;
				GENERATE_INFOPLIST_FILE = YES;
				INFOPLIST_FILE = "NewsApp-MVVM/Info.plist";
				INFOPLIST_KEY_UIApplicationSupportsIndirectInputEvents = YES;
				INFOPLIST_KEY_UILaunchStoryboardName = LaunchScreen;
				INFOPLIST_KEY_UIMainStoryboardFile = Main;
				INFOPLIST_KEY_UIStatusBarStyle = UIStatusBarStyleLightContent;
				INFOPLIST_KEY_UISupportedInterfaceOrientations_iPad = "UIInterfaceOrientationPortrait UIInterfaceOrientationPortraitUpsideDown UIInterfaceOrientationLandscapeLeft UIInterfaceOrientationLandscapeRight";
				INFOPLIST_KEY_UISupportedInterfaceOrientations_iPhone = "UIInterfaceOrientationPortrait UIInterfaceOrientationLandscapeLeft UIInterfaceOrientationLandscapeRight";
				LD_RUNPATH_SEARCH_PATHS = (
					"$(inherited)",
					"@executable_path/Frameworks",
				);
				MARKETING_VERSION = 1.0;
				PRODUCT_BUNDLE_IDENTIFIER = "com.AppleDeveloperAcademy.NewsApp-MVVM";
				PRODUCT_NAME = "$(TARGET_NAME)";
				SWIFT_EMIT_LOC_STRINGS = YES;
				SWIFT_VERSION = 5.0;
				TARGETED_DEVICE_FAMILY = "1,2";
			};
			name = Release;
		};
/* End XCBuildConfiguration section */

/* Begin XCConfigurationList section */
		4AE66F8C29706AA500206A66 /* Build configuration list for PBXProject "NewsApp-MVVM" */ = {
			isa = XCConfigurationList;
			buildConfigurations = (
				4AE66FA329706AA600206A66 /* Debug */,
				4AE66FA429706AA600206A66 /* Release */,
			);
			defaultConfigurationIsVisible = 0;
			defaultConfigurationName = Release;
		};
		4AE66FA529706AA600206A66 /* Build configuration list for PBXNativeTarget "NewsApp-MVVM" */ = {
			isa = XCConfigurationList;
			buildConfigurations = (
				4AE66FA629706AA600206A66 /* Debug */,
				4AE66FA729706AA600206A66 /* Release */,
			);
			defaultConfigurationIsVisible = 0;
			defaultConfigurationName = Release;
		};
/* End XCConfigurationList section */
	};
	rootObject = 4AE66F8929706AA500206A66 /* Project object */;
}
